// !$*UTF8*$!
{
	archiveVersion = 1;
	classes = {
	};
	objectVersion = 46;
	objects = {

/* Begin PBXBuildFile section */
		61413AB525B462CAC688D0AB /* Pods_ExampleAlamoFire.framework in Frameworks */ = {isa = PBXBuildFile; fileRef = 49FD4ECCC3B86E4A91D30EB5 /* Pods_ExampleAlamoFire.framework */; };
		F4B549771DCE7E7D005CD51D /* AppDelegate.swift in Sources */ = {isa = PBXBuildFile; fileRef = F4B549761DCE7E7D005CD51D /* AppDelegate.swift */; };
		F4B549791DCE7E7D005CD51D /* ViewController.swift in Sources */ = {isa = PBXBuildFile; fileRef = F4B549781DCE7E7D005CD51D /* ViewController.swift */; };
		F4B5497C1DCE7E7D005CD51D /* Main.storyboard in Resources */ = {isa = PBXBuildFile; fileRef = F4B5497A1DCE7E7D005CD51D /* Main.storyboard */; };
		F4B5497E1DCE7E7D005CD51D /* Assets.xcassets in Resources */ = {isa = PBXBuildFile; fileRef = F4B5497D1DCE7E7D005CD51D /* Assets.xcassets */; };
		F4B549811DCE7E7D005CD51D /* LaunchScreen.storyboard in Resources */ = {isa = PBXBuildFile; fileRef = F4B5497F1DCE7E7D005CD51D /* LaunchScreen.storyboard */; };
/* End PBXBuildFile section */

/* Begin PBXFileReference section */
		04C62011C3C1AAB76A7E0BC0 /* Pods-ExampleAlamoFire.release.xcconfig */ = {isa = PBXFileReference; includeInIndex = 1; lastKnownFileType = text.xcconfig; name = "Pods-ExampleAlamoFire.release.xcconfig"; path = "Pods/Target Support Files/Pods-ExampleAlamoFire/Pods-ExampleAlamoFire.release.xcconfig"; sourceTree = "<group>"; };
		49FD4ECCC3B86E4A91D30EB5 /* Pods_ExampleAlamoFire.framework */ = {isa = PBXFileReference; explicitFileType = wrapper.framework; includeInIndex = 0; path = Pods_ExampleAlamoFire.framework; sourceTree = BUILT_PRODUCTS_DIR; };
		D1856753E01E92335CD7C4FA /* Pods-ExampleAlamoFire.debug.xcconfig */ = {isa = PBXFileReference; includeInIndex = 1; lastKnownFileType = text.xcconfig; name = "Pods-ExampleAlamoFire.debug.xcconfig"; path = "Pods/Target Support Files/Pods-ExampleAlamoFire/Pods-ExampleAlamoFire.debug.xcconfig"; sourceTree = "<group>"; };
		F4B549731DCE7E7D005CD51D /* ExampleAlamoFire.app */ = {isa = PBXFileReference; explicitFileType = wrapper.application; includeInIndex = 0; path = ExampleAlamoFire.app; sourceTree = BUILT_PRODUCTS_DIR; };
		F4B549761DCE7E7D005CD51D /* AppDelegate.swift */ = {isa = PBXFileReference; lastKnownFileType = sourcecode.swift; path = AppDelegate.swift; sourceTree = "<group>"; };
		F4B549781DCE7E7D005CD51D /* ViewController.swift */ = {isa = PBXFileReference; lastKnownFileType = sourcecode.swift; path = ViewController.swift; sourceTree = "<group>"; };
		F4B5497B1DCE7E7D005CD51D /* Base */ = {isa = PBXFileReference; lastKnownFileType = file.storyboard; name = Base; path = Base.lproj/Main.storyboard; sourceTree = "<group>"; };
		F4B5497D1DCE7E7D005CD51D /* Assets.xcassets */ = {isa = PBXFileReference; lastKnownFileType = folder.assetcatalog; path = Assets.xcassets; sourceTree = "<group>"; };
		F4B549801DCE7E7D005CD51D /* Base */ = {isa = PBXFileReference; lastKnownFileType = file.storyboard; name = Base; path = Base.lproj/LaunchScreen.storyboard; sourceTree = "<group>"; };
		F4B549821DCE7E7D005CD51D /* Info.plist */ = {isa = PBXFileReference; lastKnownFileType = text.plist.xml; path = Info.plist; sourceTree = "<group>"; };
/* End PBXFileReference section */

/* Begin PBXFrameworksBuildPhase section */
		F4B549701DCE7E7D005CD51D /* Frameworks */ = {
			isa = PBXFrameworksBuildPhase;
			buildActionMask = 2147483647;
			files = (
				61413AB525B462CAC688D0AB /* Pods_ExampleAlamoFire.framework in Frameworks */,
			);
			runOnlyForDeploymentPostprocessing = 0;
		};
/* End PBXFrameworksBuildPhase section */

/* Begin PBXGroup section */
		6FD303E7EE80EEB9CC1ADE87 /* Frameworks */ = {
			isa = PBXGroup;
			children = (
				49FD4ECCC3B86E4A91D30EB5 /* Pods_ExampleAlamoFire.framework */,
			);
			name = Frameworks;
			sourceTree = "<group>";
		};
		A37C6E6D0C5F8520118F5507 /* Pods */ = {
			isa = PBXGroup;
			children = (
				D1856753E01E92335CD7C4FA /* Pods-ExampleAlamoFire.debug.xcconfig */,
				04C62011C3C1AAB76A7E0BC0 /* Pods-ExampleAlamoFire.release.xcconfig */,
			);
			name = Pods;
			sourceTree = "<group>";
		};
		F4B5496A1DCE7E7C005CD51D = {
			isa = PBXGroup;
			children = (
				F4B549751DCE7E7D005CD51D /* ExampleAlamoFire */,
				F4B549741DCE7E7D005CD51D /* Products */,
				A37C6E6D0C5F8520118F5507 /* Pods */,
				6FD303E7EE80EEB9CC1ADE87 /* Frameworks */,
			);
			sourceTree = "<group>";
		};
		F4B549741DCE7E7D005CD51D /* Products */ = {
			isa = PBXGroup;
			children = (
				F4B549731DCE7E7D005CD51D /* ExampleAlamoFire.app */,
			);
			name = Products;
			sourceTree = "<group>";
		};
		F4B549751DCE7E7D005CD51D /* ExampleAlamoFire */ = {
			isa = PBXGroup;
			children = (
				F4B549761DCE7E7D005CD51D /* AppDelegate.swift */,
				F4B549781DCE7E7D005CD51D /* ViewController.swift */,
				F4B5497A1DCE7E7D005CD51D /* Main.storyboard */,
				F4B5497D1DCE7E7D005CD51D /* Assets.xcassets */,
				F4B5497F1DCE7E7D005CD51D /* LaunchScreen.storyboard */,
				F4B549821DCE7E7D005CD51D /* Info.plist */,
			);
			path = ExampleAlamoFire;
			sourceTree = "<group>";
		};
/* End PBXGroup section */

/* Begin PBXNativeTarget section */
		F4B549721DCE7E7D005CD51D /* ExampleAlamoFire */ = {
			isa = PBXNativeTarget;
			buildConfigurationList = F4B549851DCE7E7D005CD51D /* Build configuration list for PBXNativeTarget "ExampleAlamoFire" */;
			buildPhases = (
				54CB1DEE588F151169B8FCB3 /* [CP] Check Pods Manifest.lock */,
				F4B5496F1DCE7E7D005CD51D /* Sources */,
				F4B549701DCE7E7D005CD51D /* Frameworks */,
				F4B549711DCE7E7D005CD51D /* Resources */,
				E97F906E689C4350E63DE4EE /* [CP] Embed Pods Frameworks */,
				9F9306AE560FD5FB19199DC5 /* [CP] Copy Pods Resources */,
			);
			buildRules = (
			);
			dependencies = (
			);
			name = ExampleAlamoFire;
			productName = ExampleAlamoFire;
			productReference = F4B549731DCE7E7D005CD51D /* ExampleAlamoFire.app */;
			productType = "com.apple.product-type.application";
		};
/* End PBXNativeTarget section */

/* Begin PBXProject section */
		F4B5496B1DCE7E7C005CD51D /* Project object */ = {
			isa = PBXProject;
			attributes = {
				LastSwiftUpdateCheck = 0810;
				LastUpgradeCheck = 0810;
				ORGANIZATIONNAME = "Humberto Solano";
				TargetAttributes = {
					F4B549721DCE7E7D005CD51D = {
						CreatedOnToolsVersion = 8.1;
						ProvisioningStyle = Automatic;
					};
				};
			};
			buildConfigurationList = F4B5496E1DCE7E7C005CD51D /* Build configuration list for PBXProject "ExampleAlamoFire" */;
			compatibilityVersion = "Xcode 3.2";
			developmentRegion = English;
			hasScannedForEncodings = 0;
			knownRegions = (
				en,
				Base,
			);
			mainGroup = F4B5496A1DCE7E7C005CD51D;
			productRefGroup = F4B549741DCE7E7D005CD51D /* Products */;
			projectDirPath = "";
			projectRoot = "";
			targets = (
				F4B549721DCE7E7D005CD51D /* ExampleAlamoFire */,
			);
		};
/* End PBXProject section */

/* Begin PBXResourcesBuildPhase section */
		F4B549711DCE7E7D005CD51D /* Resources */ = {
			isa = PBXResourcesBuildPhase;
			buildActionMask = 2147483647;
			files = (
				F4B549811DCE7E7D005CD51D /* LaunchScreen.storyboard in Resources */,
				F4B5497E1DCE7E7D005CD51D /* Assets.xcassets in Resources */,
				F4B5497C1DCE7E7D005CD51D /* Main.storyboard in Resources */,
			);
			runOnlyForDeploymentPostprocessing = 0;
		};
/* End PBXResourcesBuildPhase section */

/* Begin PBXShellScriptBuildPhase section */
		54CB1DEE588F151169B8FCB3 /* [CP] Check Pods Manifest.lock */ = {
			isa = PBXShellScriptBuildPhase;
			buildActionMask = 2147483647;
			files = (
			);
			inputPaths = (
			);
			name = "[CP] Check Pods Manifest.lock";
			outputPaths = (
			);
			runOnlyForDeploymentPostprocessing = 0;
			shellPath = /bin/sh;
			shellScript = "diff \"${PODS_ROOT}/../Podfile.lock\" \"${PODS_ROOT}/Manifest.lock\" > /dev/null\nif [[ $? != 0 ]] ; then\n    cat << EOM\nerror: The sandbox is not in sync with the Podfile.lock. Run 'pod install' or update your CocoaPods installation.\nEOM\n    exit 1\nfi\n";
			showEnvVarsInLog = 0;
		};
		9F9306AE560FD5FB19199DC5 /* [CP] Copy Pods Resources */ = {
			isa = PBXShellScriptBuildPhase;
			buildActionMask = 2147483647;
			files = (
			);
			inputPaths = (
			);
			name = "[CP] Copy Pods Resources";
			outputPaths = (
			);
			runOnlyForDeploymentPostprocessing = 0;
			shellPath = /bin/sh;
			shellScript = "\"${SRCROOT}/Pods/Target Support Files/Pods-ExampleAlamoFire/Pods-ExampleAlamoFire-resources.sh\"\n";
			showEnvVarsInLog = 0;
		};
		E97F906E689C4350E63DE4EE /* [CP] Embed Pods Frameworks */ = {
			isa = PBXShellScriptBuildPhase;
			buildActionMask = 2147483647;
			files = (
			);
			inputPaths = (
			);
			name = "[CP] Embed Pods Frameworks";
			outputPaths = (
			);
			runOnlyForDeploymentPostprocessing = 0;
			shellPath = /bin/sh;
			shellScript = "\"${SRCROOT}/Pods/Target Support Files/Pods-ExampleAlamoFire/Pods-ExampleAlamoFire-frameworks.sh\"\n";
			showEnvVarsInLog = 0;
		};
/* End PBXShellScriptBuildPhase section */

/* Begin PBXSourcesBuildPhase section */
		F4B5496F1DCE7E7D005CD51D /* Sources */ = {
			isa = PBXSourcesBuildPhase;
			buildActionMask = 2147483647;
			files = (
				F4B549791DCE7E7D005CD51D /* ViewController.swift in Sources */,
				F4B549771DCE7E7D005CD51D /* AppDelegate.swift in Sources */,
			);
			runOnlyForDeploymentPostprocessing = 0;
		};
/* End PBXSourcesBuildPhase section */

/* Begin PBXVariantGroup section */
		F4B5497A1DCE7E7D005CD51D /* Main.storyboard */ = {
			isa = PBXVariantGroup;
			children = (
				F4B5497B1DCE7E7D005CD51D /* Base */,
			);
			name = Main.storyboard;
			sourceTree = "<group>";
		};
		F4B5497F1DCE7E7D005CD51D /* LaunchScreen.storyboard */ = {
			isa = PBXVariantGroup;
			children = (
				F4B549801DCE7E7D005CD51D /* Base */,
			);
			name = LaunchScreen.storyboard;
			sourceTree = "<group>";
		};
/* End PBXVariantGroup section */

/* Begin XCBuildConfiguration section */
		F4B549831DCE7E7D005CD51D /* Debug */ = {
			isa = XCBuildConfiguration;
			buildSettings = {
				ALWAYS_SEARCH_USER_PATHS = NO;
				CLANG_ANALYZER_NONNULL = YES;
				CLANG_CXX_LANGUAGE_STANDARD = "gnu++0x";
				CLANG_CXX_LIBRARY = "libc++";
				CLANG_ENABLE_MODULES = YES;
				CLANG_ENABLE_OBJC_ARC = YES;
				CLANG_WARN_BOOL_CONVERSION = YES;
				CLANG_WARN_CONSTANT_CONVERSION = YES;
				CLANG_WARN_DIRECT_OBJC_ISA_USAGE = YES_ERROR;
				CLANG_WARN_DOCUMENTATION_COMMENTS = YES;
				CLANG_WARN_EMPTY_BODY = YES;
				CLANG_WARN_ENUM_CONVERSION = YES;
				CLANG_WARN_INFINITE_RECURSION = YES;
				CLANG_WARN_INT_CONVERSION = YES;
				CLANG_WARN_OBJC_ROOT_CLASS = YES_ERROR;
				CLANG_WARN_SUSPICIOUS_MOVES = YES;
				CLANG_WARN_UNREACHABLE_CODE = YES;
				CLANG_WARN__DUPLICATE_METHOD_MATCH = YES;
				"CODE_SIGN_IDENTITY[sdk=iphoneos*]" = "iPhone Developer";
				COPY_PHASE_STRIP = NO;
				DEBUG_INFORMATION_FORMAT = dwarf;
				ENABLE_STRICT_OBJC_MSGSEND = YES;
				ENABLE_TESTABILITY = YES;
				GCC_C_LANGUAGE_STANDARD = gnu99;
				GCC_DYNAMIC_NO_PIC = NO;
				GCC_NO_COMMON_BLOCKS = YES;
				GCC_OPTIMIZATION_LEVEL = 0;
				GCC_PREPROCESSOR_DEFINITIONS = (
					"DEBUG=1",
					"$(inherited)",
				);
				GCC_WARN_64_TO_32_BIT_CONVERSION = YES;
				GCC_WARN_ABOUT_RETURN_TYPE = YES_ERROR;
				GCC_WARN_UNDECLARED_SELECTOR = YES;
				GCC_WARN_UNINITIALIZED_AUTOS = YES_AGGRESSIVE;
				GCC_WARN_UNUSED_FUNCTION = YES;
				GCC_WARN_UNUSED_VARIABLE = YES;
				IPHONEOS_DEPLOYMENT_TARGET = 10.1;
				MTL_ENABLE_DEBUG_INFO = YES;
				ONLY_ACTIVE_ARCH = YES;
				SDKROOT = iphoneos;
				SWIFT_ACTIVE_COMPILATION_CONDITIONS = DEBUG;
				SWIFT_OPTIMIZATION_LEVEL = "-Onone";
			};
			name = Debug;
		};
		F4B549841DCE7E7D005CD51D /* Release */ = {
			isa = XCBuildConfiguration;
			buildSettings = {
				ALWAYS_SEARCH_USER_PATHS = NO;
				CLANG_ANALYZER_NONNULL = YES;
				CLANG_CXX_LANGUAGE_STANDARD = "gnu++0x";
				CLANG_CXX_LIBRARY = "libc++";
				CLANG_ENABLE_MODULES = YES;
				CLANG_ENABLE_OBJC_ARC = YES;
				CLANG_WARN_BOOL_CONVERSION = YES;
				CLANG_WARN_CONSTANT_CONVERSION = YES;
				CLANG_WARN_DIRECT_OBJC_ISA_USAGE = YES_ERROR;
				CLANG_WARN_DOCUMENTATION_COMMENTS = YES;
				CLANG_WARN_EMPTY_BODY = YES;
				CLANG_WARN_ENUM_CONVERSION = YES;
				CLANG_WARN_INFINITE_RECURSION = YES;
				CLANG_WARN_INT_CONVERSION = YES;
				CLANG_WARN_OBJC_ROOT_CLASS = YES_ERROR;
				CLANG_WARN_SUSPICIOUS_MOVES = YES;
				CLANG_WARN_UNREACHABLE_CODE = YES;
				CLANG_WARN__DUPLICATE_METHOD_MATCH = YES;
				"CODE_SIGN_IDENTITY[sdk=iphoneos*]" = "iPhone Developer";
				COPY_PHASE_STRIP = NO;
				DEBUG_INFORMATION_FORMAT = "dwarf-with-dsym";
				ENABLE_NS_ASSERTIONS = NO;
				ENABLE_STRICT_OBJC_MSGSEND = YES;
				GCC_C_LANGUAGE_STANDARD = gnu99;
				GCC_NO_COMMON_BLOCKS = YES;
				GCC_WARN_64_TO_32_BIT_CONVERSION = YES;
				GCC_WARN_ABOUT_RETURN_TYPE = YES_ERROR;
				GCC_WARN_UNDECLARED_SELECTOR = YES;
				GCC_WARN_UNINITIALIZED_AUTOS = YES_AGGRESSIVE;
				GCC_WARN_UNUSED_FUNCTION = YES;
				GCC_WARN_UNUSED_VARIABLE = YES;
				IPHONEOS_DEPLOYMENT_TARGET = 10.1;
				MTL_ENABLE_DEBUG_INFO = NO;
				SDKROOT = iphoneos;
				SWIFT_OPTIMIZATION_LEVEL = "-Owholemodule";
				VALIDATE_PRODUCT = YES;
			};
			name = Release;
		};
		F4B549861DCE7E7D005CD51D /* Debug */ = {
			isa = XCBuildConfiguration;
			baseConfigurationReference = D1856753E01E92335CD7C4FA /* Pods-ExampleAlamoFire.debug.xcconfig */;
			buildSettings = {
				ASSETCATALOG_COMPILER_APPICON_NAME = AppIcon;
				INFOPLIST_FILE = ExampleAlamoFire/Info.plist;
				LD_RUNPATH_SEARCH_PATHS = "$(inherited) @executable_path/Frameworks";
				PRODUCT_BUNDLE_IDENTIFIER = mx.com.moonsmileh.ExampleAlamoFire;
				PRODUCT_NAME = "$(TARGET_NAME)";
				SWIFT_VERSION = 3.0;
			};
			name = Debug;
		};
		F4B549871DCE7E7D005CD51D /* Release */ = {
			isa = XCBuildConfiguration;
			baseConfigurationReference = 04C62011C3C1AAB76A7E0BC0 /* Pods-ExampleAlamoFire.release.xcconfig */;
			buildSettings = {
				ASSETCATALOG_COMPILER_APPICON_NAME = AppIcon;
				INFOPLIST_FILE = ExampleAlamoFire/Info.plist;
				LD_RUNPATH_SEARCH_PATHS = "$(inherited) @executable_path/Frameworks";
				PRODUCT_BUNDLE_IDENTIFIER = mx.com.moonsmileh.ExampleAlamoFire;
				PRODUCT_NAME = "$(TARGET_NAME)";
				SWIFT_VERSION = 3.0;
			};
			name = Release;
		};
/* End XCBuildConfiguration section */

/* Begin XCConfigurationList section */
		F4B5496E1DCE7E7C005CD51D /* Build configuration list for PBXProject "ExampleAlamoFire" */ = {
			isa = XCConfigurationList;
			buildConfigurations = (
				F4B549831DCE7E7D005CD51D /* Debug */,
				F4B549841DCE7E7D005CD51D /* Release */,
			);
			defaultConfigurationIsVisible = 0;
			defaultConfigurationName = Release;
		};
		F4B549851DCE7E7D005CD51D /* Build configuration list for PBXNativeTarget "ExampleAlamoFire" */ = {
			isa = XCConfigurationList;
			buildConfigurations = (
				F4B549861DCE7E7D005CD51D /* Debug */,
				F4B549871DCE7E7D005CD51D /* Release */,
			);
			defaultConfigurationIsVisible = 0;
			defaultConfigurationName = Release;
		};
/* End XCConfigurationList section */
	};
	rootObject = F4B5496B1DCE7E7C005CD51D /* Project object */;
}
